[[package]]
category = "main"
description = "Python version of Google's common library for parsing, formatting, storing and validating international phone numbers."
name = "phonenumbers"
optional = false
python-versions = "*"
version = "8.12.15"

[metadata]
content-hash = "0fa074aefb617eb5e431f94b1df820cd4f7460c1d76df4493e1b00d50366f06a"
python-versions = "^3.8"

[metadata.files]
phonenumbers = [
    {file = "phonenumbers-8.12.15-py2.py3-none-any.whl", hash = "sha256:13d499f7114c4b37c54ee844b188d5e7441951a7da41de5fc1a25ff8fdceef80"},
    {file = "phonenumbers-8.12.15.tar.gz", hash = "sha256:b734bfcf33e87ddae72196a40b3d1af35abd0beb263816ae18e1bff612926406"},
]
